
Microsoft Visual Studio Solution File, Format Version 12.00
# Visual Studio 2012
Project("{888888A0-9F3D-457C-B088-3A5042F75D52}") = "developmentExercise2b", "developmentExercise2b.pyproj", "{7E596C42-57B0-4D6C-9AD7-B467B0D50087}"
EndProject
Global
	GlobalSection(SolutionConfigurationPlatforms) = preSolution
		Debug|Any CPU = Debug|Any CPU
		Release|Any CPU = Release|Any CPU
	EndGlobalSection
	GlobalSection(ProjectConfigurationPlatforms) = postSolution
		{7E596C42-57B0-4D6C-9AD7-B467B0D50087}.Debug|Any CPU.ActiveCfg = Debug|Any CPU
		{7E596C42-57B0-4D6C-9AD7-B467B0D50087}.Debug|Any CPU.Build.0 = Debug|Any CPU
		{7E596C42-57B0-4D6C-9AD7-B467B0D50087}.Release|Any CPU.ActiveCfg = Release|Any CPU
		{7E596C42-57B0-4D6C-9AD7-B467B0D50087}.Release|Any CPU.Build.0 = Release|Any CPU
	EndGlobalSection
	GlobalSection(SolutionProperties) = preSolution
		HideSolutionNode = FALSE
	EndGlobalSection
EndGlobal
