
Microsoft Visual Studio Solution File, Format Version 12.00
# Visual Studio 2012
Project("{888888A0-9F3D-457C-B088-3A5042F75D52}") = "Dev_assignment1", "Dev_assignment1.pyproj", "{F601FC6D-0416-4430-A72B-5A34EC6408C0}"
EndProject
Global
	GlobalSection(SolutionConfigurationPlatforms) = preSolution
		Debug|Any CPU = Debug|Any CPU
		Release|Any CPU = Release|Any CPU
	EndGlobalSection
	GlobalSection(ProjectConfigurationPlatforms) = postSolution
		{F601FC6D-0416-4430-A72B-5A34EC6408C0}.Debug|Any CPU.ActiveCfg = Debug|Any CPU
		{F601FC6D-0416-4430-A72B-5A34EC6408C0}.Debug|Any CPU.Build.0 = Debug|Any CPU
		{F601FC6D-0416-4430-A72B-5A34EC6408C0}.Release|Any CPU.ActiveCfg = Release|Any CPU
		{F601FC6D-0416-4430-A72B-5A34EC6408C0}.Release|Any CPU.Build.0 = Release|Any CPU
	EndGlobalSection
	GlobalSection(SolutionProperties) = preSolution
		HideSolutionNode = FALSE
	EndGlobalSection
EndGlobal
